Microsoft Visual Studio Solution File, Format Version 12.00
# Visual Studio Version 17
VisualStudioVersion = 17.5.2.0
MinimumVisualStudioVersion = 10.0.40219.1
Project("{2150E333-8FDC-42A3-9474-1A3956D46DE8}") = "src", "src", "{60953238-8C01-4365-9997-B0F1FDEB37AA}"
EndProject
Project("{FAE04EC0-301F-11D3-BF4B-00C04F79EFBC}") = "Application.Contracts", "src\Application.Contracts\Application.Contracts.csproj", "{B66AF5F7-DC0E-4816-A337-51DDA07822D7}"
EndProject
Project("{FAE04EC0-301F-11D3-BF4B-00C04F79EFBC}") = "Application", "src\Application\Application.csproj", "{53C83301-9601-422D-9A81-22B64751EDF2}"
EndProject
Project("{FAE04EC0-301F-11D3-BF4B-00C04F79EFBC}") = "Common", "src\Common\Common.csproj", "{26071EC6-FE0A-4733-BC96-A15F50364889}"
EndProject
Project("{FAE04EC0-301F-11D3-BF4B-00C04F79EFBC}") = "Domain.Shared", "src\Domain.Shared\Domain.Shared.csproj", "{F911D799-704A-4AA1-A781-C2F7D3E39EAF}"
EndProject
Project("{FAE04EC0-301F-11D3-BF4B-00C04F79EFBC}") = "Domain", "src\Domain\Domain.csproj", "{1445F0D8-F7E7-4E25-878B-5605A4F21399}"
EndProject
Project("{FAE04EC0-301F-11D3-BF4B-00C04F79EFBC}") = "Infrastructure", "src\Infrastructure\Infrastructure.csproj", "{51915C84-9309-4E37-8D0E-2DF2808496F3}"
EndProject
Project("{2150E333-8FDC-42A3-9474-1A3956D46DE8}") = "Presentation", "Presentation", "{A94C926C-594B-4157-A5B3-4ADB8352D407}"
EndProject
Project("{FAE04EC0-301F-11D3-BF4B-00C04F79EFBC}") = "BlazorWeb", "src\Presentation\BlazorWeb\BlazorWeb.csproj", "{294E9AAA-5FDB-4817-9D40-756D9C5E07DA}"
EndProject
Project("{FAE04EC0-301F-11D3-BF4B-00C04F79EFBC}") = "Console", "src\Presentation\Console\Console.csproj", "{90B1DC3B-B68B-4C94-9383-2BDB050DFD8F}"
EndProject
Project("{FAE04EC0-301F-11D3-BF4B-00C04F79EFBC}") = "WebApi", "src\Presentation\WebApi\WebApi.csproj", "{2DFDACD5-475C-4AB2-8869-8C2FF57D7633}"
EndProject
Project("{2150E333-8FDC-42A3-9474-1A3956D46DE8}") = "test", "test", "{37B38879-1D00-4B93-8FD1-41904396F30E}"
EndProject
Project("{FAE04EC0-301F-11D3-BF4B-00C04F79EFBC}") = "Common.Test", "test\Common.Test\Common.Test.csproj", "{9E4173D8-229C-466D-BB61-02F5DCB6DAE8}"
EndProject
Global
	GlobalSection(SolutionConfigurationPlatforms) = preSolution
		Debug|Any CPU = Debug|Any CPU
		Release|Any CPU = Release|Any CPU
	EndGlobalSection
	GlobalSection(SolutionProperties) = preSolution
		HideSolutionNode = FALSE
	EndGlobalSection
	GlobalSection(ProjectConfigurationPlatforms) = postSolution
		{B66AF5F7-DC0E-4816-A337-51DDA07822D7}.Debug|Any CPU.ActiveCfg = Debug|Any CPU
		{B66AF5F7-DC0E-4816-A337-51DDA07822D7}.Debug|Any CPU.Build.0 = Debug|Any CPU
		{B66AF5F7-DC0E-4816-A337-51DDA07822D7}.Release|Any CPU.ActiveCfg = Release|Any CPU
		{B66AF5F7-DC0E-4816-A337-51DDA07822D7}.Release|Any CPU.Build.0 = Release|Any CPU
		{53C83301-9601-422D-9A81-22B64751EDF2}.Debug|Any CPU.ActiveCfg = Debug|Any CPU
		{53C83301-9601-422D-9A81-22B64751EDF2}.Debug|Any CPU.Build.0 = Debug|Any CPU
		{53C83301-9601-422D-9A81-22B64751EDF2}.Release|Any CPU.ActiveCfg = Release|Any CPU
		{53C83301-9601-422D-9A81-22B64751EDF2}.Release|Any CPU.Build.0 = Release|Any CPU
		{26071EC6-FE0A-4733-BC96-A15F50364889}.Debug|Any CPU.ActiveCfg = Debug|Any CPU
		{26071EC6-FE0A-4733-BC96-A15F50364889}.Debug|Any CPU.Build.0 = Debug|Any CPU
		{26071EC6-FE0A-4733-BC96-A15F50364889}.Release|Any CPU.ActiveCfg = Release|Any CPU
		{26071EC6-FE0A-4733-BC96-A15F50364889}.Release|Any CPU.Build.0 = Release|Any CPU
		{F911D799-704A-4AA1-A781-C2F7D3E39EAF}.Debug|Any CPU.ActiveCfg = Debug|Any CPU
		{F911D799-704A-4AA1-A781-C2F7D3E39EAF}.Debug|Any CPU.Build.0 = Debug|Any CPU
		{F911D799-704A-4AA1-A781-C2F7D3E39EAF}.Release|Any CPU.ActiveCfg = Release|Any CPU
		{F911D799-704A-4AA1-A781-C2F7D3E39EAF}.Release|Any CPU.Build.0 = Release|Any CPU
		{1445F0D8-F7E7-4E25-878B-5605A4F21399}.Debug|Any CPU.ActiveCfg = Debug|Any CPU
		{1445F0D8-F7E7-4E25-878B-5605A4F21399}.Debug|Any CPU.Build.0 = Debug|Any CPU
		{1445F0D8-F7E7-4E25-878B-5605A4F21399}.Release|Any CPU.ActiveCfg = Release|Any CPU
		{1445F0D8-F7E7-4E25-878B-5605A4F21399}.Release|Any CPU.Build.0 = Release|Any CPU
		{51915C84-9309-4E37-8D0E-2DF2808496F3}.Debug|Any CPU.ActiveCfg = Debug|Any CPU
		{51915C84-9309-4E37-8D0E-2DF2808496F3}.Debug|Any CPU.Build.0 = Debug|Any CPU
		{51915C84-9309-4E37-8D0E-2DF2808496F3}.Release|Any CPU.ActiveCfg = Release|Any CPU
		{51915C84-9309-4E37-8D0E-2DF2808496F3}.Release|Any CPU.Build.0 = Release|Any CPU
		{294E9AAA-5FDB-4817-9D40-756D9C5E07DA}.Debug|Any CPU.ActiveCfg = Debug|Any CPU
		{294E9AAA-5FDB-4817-9D40-756D9C5E07DA}.Debug|Any CPU.Build.0 = Debug|Any CPU
		{294E9AAA-5FDB-4817-9D40-756D9C5E07DA}.Release|Any CPU.ActiveCfg = Release|Any CPU
		{294E9AAA-5FDB-4817-9D40-756D9C5E07DA}.Release|Any CPU.Build.0 = Release|Any CPU
		{90B1DC3B-B68B-4C94-9383-2BDB050DFD8F}.Debug|Any CPU.ActiveCfg = Debug|Any CPU
		{90B1DC3B-B68B-4C94-9383-2BDB050DFD8F}.Debug|Any CPU.Build.0 = Debug|Any CPU
		{90B1DC3B-B68B-4C94-9383-2BDB050DFD8F}.Release|Any CPU.ActiveCfg = Release|Any CPU
		{90B1DC3B-B68B-4C94-9383-2BDB050DFD8F}.Release|Any CPU.Build.0 = Release|Any CPU
		{2DFDACD5-475C-4AB2-8869-8C2FF57D7633}.Debug|Any CPU.ActiveCfg = Debug|Any CPU
		{2DFDACD5-475C-4AB2-8869-8C2FF57D7633}.Debug|Any CPU.Build.0 = Debug|Any CPU
		{2DFDACD5-475C-4AB2-8869-8C2FF57D7633}.Release|Any CPU.ActiveCfg = Release|Any CPU
		{2DFDACD5-475C-4AB2-8869-8C2FF57D7633}.Release|Any CPU.Build.0 = Release|Any CPU
		{9E4173D8-229C-466D-BB61-02F5DCB6DAE8}.Debug|Any CPU.ActiveCfg = Debug|Any CPU
		{9E4173D8-229C-466D-BB61-02F5DCB6DAE8}.Debug|Any CPU.Build.0 = Debug|Any CPU
		{9E4173D8-229C-466D-BB61-02F5DCB6DAE8}.Release|Any CPU.ActiveCfg = Release|Any CPU
		{9E4173D8-229C-466D-BB61-02F5DCB6DAE8}.Release|Any CPU.Build.0 = Release|Any CPU
	EndGlobalSection
	GlobalSection(NestedProjects) = preSolution
		{B66AF5F7-DC0E-4816-A337-51DDA07822D7} = {60953238-8C01-4365-9997-B0F1FDEB37AA}
		{53C83301-9601-422D-9A81-22B64751EDF2} = {60953238-8C01-4365-9997-B0F1FDEB37AA}
		{26071EC6-FE0A-4733-BC96-A15F50364889} = {60953238-8C01-4365-9997-B0F1FDEB37AA}
		{F911D799-704A-4AA1-A781-C2F7D3E39EAF} = {60953238-8C01-4365-9997-B0F1FDEB37AA}
		{1445F0D8-F7E7-4E25-878B-5605A4F21399} = {60953238-8C01-4365-9997-B0F1FDEB37AA}
		{51915C84-9309-4E37-8D0E-2DF2808496F3} = {60953238-8C01-4365-9997-B0F1FDEB37AA}
		{A94C926C-594B-4157-A5B3-4ADB8352D407} = {60953238-8C01-4365-9997-B0F1FDEB37AA}
		{294E9AAA-5FDB-4817-9D40-756D9C5E07DA} = {A94C926C-594B-4157-A5B3-4ADB8352D407}
		{90B1DC3B-B68B-4C94-9383-2BDB050DFD8F} = {A94C926C-594B-4157-A5B3-4ADB8352D407}
		{2DFDACD5-475C-4AB2-8869-8C2FF57D7633} = {A94C926C-594B-4157-A5B3-4ADB8352D407}
		{9E4173D8-229C-466D-BB61-02F5DCB6DAE8} = {37B38879-1D00-4B93-8FD1-41904396F30E}
	EndGlobalSection
EndGlobal
